
Microsoft Visual Studio Solution File, Format Version 12.00
# Visual Studio 15
Project("{FAE04EC0-301F-11D3-BF4B-00C04F79EFBC}") = "apkdiff", "apkdiff.csproj", "{76932AAD-6BD1-43BE-8E86-B5EA965171A2}"
EndProject
Global
	GlobalSection(SolutionConfigurationPlatforms) = preSolution
		Debug|AnyCPU = Debug|AnyCPU
		Release|AnyCPU = Release|AnyCPU
	EndGlobalSection
	GlobalSection(ProjectConfigurationPlatforms) = postSolution
		{76932AAD-6BD1-43BE-8E86-B5EA965171A2}.Debug|AnyCPU.ActiveCfg = Debug|Any CPU
		{76932AAD-6BD1-43BE-8E86-B5EA965171A2}.Debug|AnyCPU.Build.0 = Debug|Any CPU
		{76932AAD-6BD1-43BE-8E86-B5EA965171A2}.Release|AnyCPU.ActiveCfg = Release|Any CPU
		{76932AAD-6BD1-43BE-8E86-B5EA965171A2}.Release|AnyCPU.Build.0 = Release|Any CPU
	EndGlobalSection
EndGlobal
